
Microsoft Visual Studio Solution File, Format Version 12.00
# Visual Studio Version 16
VisualStudioVersion = 16.0.29920.165
MinimumVisualStudioVersion = 10.0.40219.1
Project("{FAE04EC0-301F-11D3-BF4B-00C04F79EFBC}") = "Testing_Lab_3", "Testing_Lab_3\Testing_Lab_3.csproj", "{5F8CC90C-07E6-49B8-B495-23EB5567995F}"
EndProject
Global
	GlobalSection(SolutionConfigurationPlatforms) = preSolution
		Debug|Any CPU = Debug|Any CPU
		Release|Any CPU = Release|Any CPU
	EndGlobalSection
	GlobalSection(ProjectConfigurationPlatforms) = postSolution
		{5F8CC90C-07E6-49B8-B495-23EB5567995F}.Debug|Any CPU.ActiveCfg = Debug|Any CPU
		{5F8CC90C-07E6-49B8-B495-23EB5567995F}.Debug|Any CPU.Build.0 = Debug|Any CPU
		{5F8CC90C-07E6-49B8-B495-23EB5567995F}.Release|Any CPU.ActiveCfg = Release|Any CPU
		{5F8CC90C-07E6-49B8-B495-23EB5567995F}.Release|Any CPU.Build.0 = Release|Any CPU
	EndGlobalSection
	GlobalSection(SolutionProperties) = preSolution
		HideSolutionNode = FALSE
	EndGlobalSection
	GlobalSection(ExtensibilityGlobals) = postSolution
		SolutionGuid = {DEDF1B0F-D5F3-4156-893A-89791E92ABCF}
	EndGlobalSection
EndGlobal
